
Microsoft Visual Studio Solution File, Format Version 12.00
# Visual Studio Version 17
VisualStudioVersion = 17.14.36212.18
MinimumVisualStudioVersion = 10.0.40219.1
Project("{2150E333-8FDC-42A3-9474-1A3956D46DE8}") = "Services", "Services", "{02EA681E-C7D8-13C7-8484-4AC65E1B71E8}"
EndProject
Project("{2150E333-8FDC-42A3-9474-1A3956D46DE8}") = "AuthService", "AuthService", "{B2D58651-303E-4D08-88C4-D2888C209035}"
EndProject
Project("{2150E333-8FDC-42A3-9474-1A3956D46DE8}") = "src", "src", "{8A107AA7-E0FC-4E45-BA76-F738F046DE1B}"
EndProject
Project("{2150E333-8FDC-42A3-9474-1A3956D46DE8}") = "tests", "tests", "{235C1EDE-96E5-47A3-8DFF-0D4938E52492}"
EndProject
Project("{FAE04EC0-301F-11D3-BF4B-00C04F79EFBC}") = "AuthService.Application", "Services\AuthService\src\AuthService.Application\AuthService.Application.csproj", "{D2021C14-31E0-4816-8BDE-E121F9C8DDD7}"
EndProject
Project("{FAE04EC0-301F-11D3-BF4B-00C04F79EFBC}") = "AuthService.Infrastructure", "Services\AuthService\src\AuthService.Infrastructure\AuthService.Infrastructure.csproj", "{B6D79EA7-B5AC-4B05-A1B9-528F1FCBD5C6}"
EndProject
Project("{FAE04EC0-301F-11D3-BF4B-00C04F79EFBC}") = "AuthService.Presentation", "Services\AuthService\src\AuthService.Presentation\AuthService.Presentation.csproj", "{6CF8C226-0C08-404D-9236-B0EF0277A745}"
EndProject
Project("{FAE04EC0-301F-11D3-BF4B-00C04F79EFBC}") = "AuthService.Domain", "Services\AuthService\src\AuthService.Domain\AuthService.Domain.csproj", "{94A9A878-53AA-4C8B-A247-51E58AB63377}"
EndProject
Project("{2150E333-8FDC-42A3-9474-1A3956D46DE8}") = "CustomerService", "CustomerService", "{5E19AB28-606A-41DD-BCF6-A291CB65F648}"
EndProject
Project("{2150E333-8FDC-42A3-9474-1A3956D46DE8}") = "src", "src", "{03FF1464-B162-4C5B-AF15-F39BCA40AE6D}"
EndProject
Project("{2150E333-8FDC-42A3-9474-1A3956D46DE8}") = "test", "test", "{E345CE82-81FC-4EA3-B1A3-4610DEB26478}"
EndProject
Project("{FAE04EC0-301F-11D3-BF4B-00C04F79EFBC}") = "CustomerService.Application", "Services\CustomerService\src\CustomerService.Application\CustomerService.Application.csproj", "{9B224D54-9527-46C5-9663-3A0E3063B38E}"
EndProject
Project("{FAE04EC0-301F-11D3-BF4B-00C04F79EFBC}") = "CustomerService.Infrastructure", "Services\CustomerService\src\CustomerService.Infrastructure\CustomerService.Infrastructure.csproj", "{DBCE44FF-64E0-40F5-92F9-395DE876A489}"
EndProject
Project("{FAE04EC0-301F-11D3-BF4B-00C04F79EFBC}") = "CustomerService.Domain", "Services\CustomerService\src\CustomerService.Domain\CustomerService.Domain.csproj", "{721A59CC-C77B-4852-A8CB-D54FCA394DAF}"
EndProject
Project("{FAE04EC0-301F-11D3-BF4B-00C04F79EFBC}") = "CustomerService.Presentation", "Services\CustomerService\src\CustomerService.Presentation\CustomerService.Presentation.csproj", "{056A587C-16E0-4774-B885-BDB13EC02761}"
EndProject
Global
	GlobalSection(SolutionConfigurationPlatforms) = preSolution
		Debug|Any CPU = Debug|Any CPU
		Release|Any CPU = Release|Any CPU
	EndGlobalSection
	GlobalSection(ProjectConfigurationPlatforms) = postSolution
		{D2021C14-31E0-4816-8BDE-E121F9C8DDD7}.Debug|Any CPU.ActiveCfg = Debug|Any CPU
		{D2021C14-31E0-4816-8BDE-E121F9C8DDD7}.Debug|Any CPU.Build.0 = Debug|Any CPU
		{D2021C14-31E0-4816-8BDE-E121F9C8DDD7}.Release|Any CPU.ActiveCfg = Release|Any CPU
		{D2021C14-31E0-4816-8BDE-E121F9C8DDD7}.Release|Any CPU.Build.0 = Release|Any CPU
		{B6D79EA7-B5AC-4B05-A1B9-528F1FCBD5C6}.Debug|Any CPU.ActiveCfg = Debug|Any CPU
		{B6D79EA7-B5AC-4B05-A1B9-528F1FCBD5C6}.Debug|Any CPU.Build.0 = Debug|Any CPU
		{B6D79EA7-B5AC-4B05-A1B9-528F1FCBD5C6}.Release|Any CPU.ActiveCfg = Release|Any CPU
		{B6D79EA7-B5AC-4B05-A1B9-528F1FCBD5C6}.Release|Any CPU.Build.0 = Release|Any CPU
		{6CF8C226-0C08-404D-9236-B0EF0277A745}.Debug|Any CPU.ActiveCfg = Debug|Any CPU
		{6CF8C226-0C08-404D-9236-B0EF0277A745}.Debug|Any CPU.Build.0 = Debug|Any CPU
		{6CF8C226-0C08-404D-9236-B0EF0277A745}.Release|Any CPU.ActiveCfg = Release|Any CPU
		{6CF8C226-0C08-404D-9236-B0EF0277A745}.Release|Any CPU.Build.0 = Release|Any CPU
		{94A9A878-53AA-4C8B-A247-51E58AB63377}.Debug|Any CPU.ActiveCfg = Debug|Any CPU
		{94A9A878-53AA-4C8B-A247-51E58AB63377}.Debug|Any CPU.Build.0 = Debug|Any CPU
		{94A9A878-53AA-4C8B-A247-51E58AB63377}.Release|Any CPU.ActiveCfg = Release|Any CPU
		{94A9A878-53AA-4C8B-A247-51E58AB63377}.Release|Any CPU.Build.0 = Release|Any CPU
		{9B224D54-9527-46C5-9663-3A0E3063B38E}.Debug|Any CPU.ActiveCfg = Debug|Any CPU
		{9B224D54-9527-46C5-9663-3A0E3063B38E}.Debug|Any CPU.Build.0 = Debug|Any CPU
		{9B224D54-9527-46C5-9663-3A0E3063B38E}.Release|Any CPU.ActiveCfg = Release|Any CPU
		{9B224D54-9527-46C5-9663-3A0E3063B38E}.Release|Any CPU.Build.0 = Release|Any CPU
		{DBCE44FF-64E0-40F5-92F9-395DE876A489}.Debug|Any CPU.ActiveCfg = Debug|Any CPU
		{DBCE44FF-64E0-40F5-92F9-395DE876A489}.Debug|Any CPU.Build.0 = Debug|Any CPU
		{DBCE44FF-64E0-40F5-92F9-395DE876A489}.Release|Any CPU.ActiveCfg = Release|Any CPU
		{DBCE44FF-64E0-40F5-92F9-395DE876A489}.Release|Any CPU.Build.0 = Release|Any CPU
		{721A59CC-C77B-4852-A8CB-D54FCA394DAF}.Debug|Any CPU.ActiveCfg = Debug|Any CPU
		{721A59CC-C77B-4852-A8CB-D54FCA394DAF}.Debug|Any CPU.Build.0 = Debug|Any CPU
		{721A59CC-C77B-4852-A8CB-D54FCA394DAF}.Release|Any CPU.ActiveCfg = Release|Any CPU
		{721A59CC-C77B-4852-A8CB-D54FCA394DAF}.Release|Any CPU.Build.0 = Release|Any CPU
		{056A587C-16E0-4774-B885-BDB13EC02761}.Debug|Any CPU.ActiveCfg = Debug|Any CPU
		{056A587C-16E0-4774-B885-BDB13EC02761}.Debug|Any CPU.Build.0 = Debug|Any CPU
		{056A587C-16E0-4774-B885-BDB13EC02761}.Release|Any CPU.ActiveCfg = Release|Any CPU
		{056A587C-16E0-4774-B885-BDB13EC02761}.Release|Any CPU.Build.0 = Release|Any CPU
	EndGlobalSection
	GlobalSection(SolutionProperties) = preSolution
		HideSolutionNode = FALSE
	EndGlobalSection
	GlobalSection(NestedProjects) = preSolution
		{B2D58651-303E-4D08-88C4-D2888C209035} = {02EA681E-C7D8-13C7-8484-4AC65E1B71E8}
		{8A107AA7-E0FC-4E45-BA76-F738F046DE1B} = {B2D58651-303E-4D08-88C4-D2888C209035}
		{235C1EDE-96E5-47A3-8DFF-0D4938E52492} = {B2D58651-303E-4D08-88C4-D2888C209035}
		{D2021C14-31E0-4816-8BDE-E121F9C8DDD7} = {8A107AA7-E0FC-4E45-BA76-F738F046DE1B}
		{B6D79EA7-B5AC-4B05-A1B9-528F1FCBD5C6} = {8A107AA7-E0FC-4E45-BA76-F738F046DE1B}
		{6CF8C226-0C08-404D-9236-B0EF0277A745} = {8A107AA7-E0FC-4E45-BA76-F738F046DE1B}
		{94A9A878-53AA-4C8B-A247-51E58AB63377} = {8A107AA7-E0FC-4E45-BA76-F738F046DE1B}
		{5E19AB28-606A-41DD-BCF6-A291CB65F648} = {02EA681E-C7D8-13C7-8484-4AC65E1B71E8}
		{03FF1464-B162-4C5B-AF15-F39BCA40AE6D} = {5E19AB28-606A-41DD-BCF6-A291CB65F648}
		{E345CE82-81FC-4EA3-B1A3-4610DEB26478} = {5E19AB28-606A-41DD-BCF6-A291CB65F648}
		{9B224D54-9527-46C5-9663-3A0E3063B38E} = {03FF1464-B162-4C5B-AF15-F39BCA40AE6D}
		{DBCE44FF-64E0-40F5-92F9-395DE876A489} = {03FF1464-B162-4C5B-AF15-F39BCA40AE6D}
		{721A59CC-C77B-4852-A8CB-D54FCA394DAF} = {03FF1464-B162-4C5B-AF15-F39BCA40AE6D}
		{056A587C-16E0-4774-B885-BDB13EC02761} = {03FF1464-B162-4C5B-AF15-F39BCA40AE6D}
	EndGlobalSection
	GlobalSection(ExtensibilityGlobals) = postSolution
		SolutionGuid = {3E33C0A5-151E-49BA-B048-84A362EA0E54}
	EndGlobalSection
EndGlobal
