
Microsoft Visual Studio Solution File, Format Version 12.00
# Visual Studio Version 17
VisualStudioVersion = 17.14.36212.18
MinimumVisualStudioVersion = 10.0.40219.1
Project("{2150E333-8FDC-42A3-9474-1A3956D46DE8}") = "Services", "Services", "{02EA681E-C7D8-13C7-8484-4AC65E1B71E8}"
EndProject
Project("{2150E333-8FDC-42A3-9474-1A3956D46DE8}") = "AuthService", "AuthService", "{B2D58651-303E-4D08-88C4-D2888C209035}"
EndProject
Project("{2150E333-8FDC-42A3-9474-1A3956D46DE8}") = "src", "src", "{8A107AA7-E0FC-4E45-BA76-F738F046DE1B}"
EndProject
Project("{2150E333-8FDC-42A3-9474-1A3956D46DE8}") = "tests", "tests", "{235C1EDE-96E5-47A3-8DFF-0D4938E52492}"
EndProject
Project("{FAE04EC0-301F-11D3-BF4B-00C04F79EFBC}") = "AuthService.Application", "Services\AuthService\src\AuthService.Application\AuthService.Application.csproj", "{D2021C14-31E0-4816-8BDE-E121F9C8DDD7}"
EndProject
Project("{FAE04EC0-301F-11D3-BF4B-00C04F79EFBC}") = "AuthService.Infrastructure", "Services\AuthService\src\AuthService.Infrastructure\AuthService.Infrastructure.csproj", "{B6D79EA7-B5AC-4B05-A1B9-528F1FCBD5C6}"
EndProject
Project("{FAE04EC0-301F-11D3-BF4B-00C04F79EFBC}") = "AuthService.Presentation", "Services\AuthService\src\AuthService.Presentation\AuthService.Presentation.csproj", "{6CF8C226-0C08-404D-9236-B0EF0277A745}"
EndProject
Project("{FAE04EC0-301F-11D3-BF4B-00C04F79EFBC}") = "AuthService.Domain", "Services\AuthService\src\AuthService.Domain\AuthService.Domain.csproj", "{94A9A878-53AA-4C8B-A247-51E58AB63377}"
EndProject
Project("{2150E333-8FDC-42A3-9474-1A3956D46DE8}") = "CustomerService", "CustomerService", "{5E19AB28-606A-41DD-BCF6-A291CB65F648}"
EndProject
Project("{2150E333-8FDC-42A3-9474-1A3956D46DE8}") = "src", "src", "{03FF1464-B162-4C5B-AF15-F39BCA40AE6D}"
EndProject
Project("{2150E333-8FDC-42A3-9474-1A3956D46DE8}") = "test", "test", "{E345CE82-81FC-4EA3-B1A3-4610DEB26478}"
EndProject
Project("{FAE04EC0-301F-11D3-BF4B-00C04F79EFBC}") = "CustomerService.Application", "Services\CustomerService\src\CustomerService.Application\CustomerService.Application.csproj", "{9B224D54-9527-46C5-9663-3A0E3063B38E}"
EndProject
Project("{FAE04EC0-301F-11D3-BF4B-00C04F79EFBC}") = "CustomerService.Infrastructure", "Services\CustomerService\src\CustomerService.Infrastructure\CustomerService.Infrastructure.csproj", "{DBCE44FF-64E0-40F5-92F9-395DE876A489}"
EndProject
Project("{FAE04EC0-301F-11D3-BF4B-00C04F79EFBC}") = "CustomerService.Domain", "Services\CustomerService\src\CustomerService.Domain\CustomerService.Domain.csproj", "{721A59CC-C77B-4852-A8CB-D54FCA394DAF}"
EndProject
Project("{FAE04EC0-301F-11D3-BF4B-00C04F79EFBC}") = "CustomerService.Presentation", "Services\CustomerService\src\CustomerService.Presentation\CustomerService.Presentation.csproj", "{056A587C-16E0-4774-B885-BDB13EC02761}"
EndProject
Project("{2150E333-8FDC-42A3-9474-1A3956D46DE8}") = "BuildingBlocks", "BuildingBlocks", "{7266C4A9-E384-DC00-0EB6-47F6002CFBA7}"
EndProject
Project("{2150E333-8FDC-42A3-9474-1A3956D46DE8}") = "src", "src", "{0F94FFD3-6828-8DD8-C5A9-41C7095A6E47}"
EndProject
Project("{FAE04EC0-301F-11D3-BF4B-00C04F79EFBC}") = "Banking.Contracts", "BuildingBlocks\src\Banking.Contracts\Banking.Contracts.csproj", "{BFB1CE2A-47D5-4BD7-8E52-2D93759F44B2}"
EndProject
Project("{2150E333-8FDC-42A3-9474-1A3956D46DE8}") = "AccountService", "AccountService", "{E26A07FE-FC4A-591F-21C7-62AEDD01E7D5}"
EndProject
Project("{2150E333-8FDC-42A3-9474-1A3956D46DE8}") = "src", "src", "{23D18938-4358-D1BA-598E-FD65E458149E}"
EndProject
Project("{FAE04EC0-301F-11D3-BF4B-00C04F79EFBC}") = "AccountService.Domain", "Services\AccountService\src\AccountService.Domain\AccountService.Domain.csproj", "{7F9BBE82-B12D-4025-A8FF-0BF9B3A498D0}"
EndProject
Project("{FAE04EC0-301F-11D3-BF4B-00C04F79EFBC}") = "AccountService.Application", "Services\AccountService\src\AccountService.Application\AccountService.Application.csproj", "{63134098-57BA-46C6-ACF5-581CF0D0CFE2}"
EndProject
Project("{FAE04EC0-301F-11D3-BF4B-00C04F79EFBC}") = "AccountService.Infrastructure", "Services\AccountService\src\AccountService.Infrastructure\AccountService.Infrastructure.csproj", "{A2C0F6AD-FA35-4207-837F-5EF30A76D5B8}"
EndProject
Project("{FAE04EC0-301F-11D3-BF4B-00C04F79EFBC}") = "AccountService.Presentation", "Services\AccountService\src\AccountService.Presentation\AccountService.Presentation.csproj", "{CF96ECC3-DBD7-4596-990F-C67EE2CD129D}"
EndProject
Project("{FAE04EC0-301F-11D3-BF4B-00C04F79EFBC}") = "AuthService.UnitTests", "Services\AuthService\tests\AuthService.UnitTests\AuthService.UnitTests.csproj", "{E1C54ADB-8E9F-407E-A89B-8D3A4B66D2F4}"
EndProject
Project("{FAE04EC0-301F-11D3-BF4B-00C04F79EFBC}") = "CustomerService.UnitTests", "Services\CustomerService\test\CustomerService.UnitTests\CustomerService.UnitTests.csproj", "{BDAD89F2-B519-4765-BAE9-D75F8287A70E}"
EndProject
Project("{2150E333-8FDC-42A3-9474-1A3956D46DE8}") = "tests", "tests", "{709CAD7B-BEC3-D5DD-1017-DF96FDF8FFDE}"
EndProject
Project("{FAE04EC0-301F-11D3-BF4B-00C04F79EFBC}") = "AccountService.UnitTests", "Services\AccountService\tests\AccountService.UnitTests\AccountService.UnitTests.csproj", "{D8C3E5D3-2D16-49DC-B24D-65CA05E03CB3}"
EndProject
Project("{2150E333-8FDC-42A3-9474-1A3956D46DE8}") = "LedgerService", "LedgerService", "{D9CF8EEA-9680-7E0A-4E56-6562A846355D}"
EndProject
Project("{2150E333-8FDC-42A3-9474-1A3956D46DE8}") = "src", "src", "{64BFD6EA-8AAE-0263-DC15-C6075B143E92}"
EndProject
Project("{FAE04EC0-301F-11D3-BF4B-00C04F79EFBC}") = "LedgerService.Domain", "Services\LedgerService\src\LedgerService.Domain\LedgerService.Domain.csproj", "{637506C9-4157-46EE-89C5-716A042BC83F}"
EndProject
Project("{FAE04EC0-301F-11D3-BF4B-00C04F79EFBC}") = "LedgerService.Application", "Services\LedgerService\src\LedgerService.Application\LedgerService.Application.csproj", "{D4579556-D5B6-495F-84E3-12E839443332}"
EndProject
Project("{FAE04EC0-301F-11D3-BF4B-00C04F79EFBC}") = "LedgerService.Infrastructure", "Services\LedgerService\src\LedgerService.Infrastructure\LedgerService.Infrastructure.csproj", "{BB58A3E4-44D4-454B-9A35-80B5AB6CD6CB}"
EndProject
Project("{FAE04EC0-301F-11D3-BF4B-00C04F79EFBC}") = "LedgerService.Presentation", "Services\LedgerService\src\LedgerService.Presentation\LedgerService.Presentation.csproj", "{2A9FC273-08B7-4B97-AD1E-DCE292945A0A}"
EndProject
Project("{2150E333-8FDC-42A3-9474-1A3956D46DE8}") = "tests", "tests", "{FAC72531-3D73-95D1-1DD4-AD3189566822}"
EndProject
Project("{FAE04EC0-301F-11D3-BF4B-00C04F79EFBC}") = "LedgerService.UnitTests", "Services\LedgerService\tests\LedgerService.UnitTests\LedgerService.UnitTests.csproj", "{1E9BFA6E-5195-4750-ABF5-DB7AB06AF4CD}"
EndProject
Project("{2150E333-8FDC-42A3-9474-1A3956D46DE8}") = "PaymentService", "PaymentService", "{9C2E37D6-3963-1E0D-933B-2B7820460221}"
EndProject
Project("{2150E333-8FDC-42A3-9474-1A3956D46DE8}") = "src", "src", "{6199D3D4-AD0F-560E-AD79-8B03CDD49340}"
EndProject
Project("{FAE04EC0-301F-11D3-BF4B-00C04F79EFBC}") = "PaymentService.Domain", "Services\PaymentService\src\PaymentService.Domain\PaymentService.Domain.csproj", "{B09BD2F8-9072-4277-92F9-A91DDE563F65}"
EndProject
Project("{FAE04EC0-301F-11D3-BF4B-00C04F79EFBC}") = "PaymentService.Application", "Services\PaymentService\src\PaymentService.Application\PaymentService.Application.csproj", "{C8F3B785-4B4E-4376-830A-0C66627EECFE}"
EndProject
Project("{FAE04EC0-301F-11D3-BF4B-00C04F79EFBC}") = "PaymentService.Infrastructure", "Services\PaymentService\src\PaymentService.Infrastructure\PaymentService.Infrastructure.csproj", "{C1843CE1-D2C9-4E5E-9279-ED39A9D34D98}"
EndProject
Project("{FAE04EC0-301F-11D3-BF4B-00C04F79EFBC}") = "PaymentService.Presentation", "Services\PaymentService\src\PaymentService.Presentation\PaymentService.Presentation.csproj", "{C18626F7-7026-434B-8C57-A2C48E8B2617}"
EndProject
Project("{2150E333-8FDC-42A3-9474-1A3956D46DE8}") = "tests", "tests", "{4F8A1C2E-9B7D-4E11-8A55-C0D1E2F3A4B5}"
EndProject
Project("{FAE04EC0-301F-11D3-BF4B-00C04F79EFBC}") = "PaymentService.UnitTests", "Services\PaymentService\tests\PaymentService.UnitTests\PaymentService.UnitTests.csproj", "{EB9F8027-7F6B-4490-AEE8-0EBEACC0BD24}"
EndProject
Global
	GlobalSection(SolutionConfigurationPlatforms) = preSolution
		Debug|Any CPU = Debug|Any CPU
		Debug|x64 = Debug|x64
		Debug|x86 = Debug|x86
		Release|Any CPU = Release|Any CPU
		Release|x64 = Release|x64
		Release|x86 = Release|x86
	EndGlobalSection
	GlobalSection(ProjectConfigurationPlatforms) = postSolution
		{D2021C14-31E0-4816-8BDE-E121F9C8DDD7}.Debug|Any CPU.ActiveCfg = Debug|Any CPU
		{D2021C14-31E0-4816-8BDE-E121F9C8DDD7}.Debug|Any CPU.Build.0 = Debug|Any CPU
		{D2021C14-31E0-4816-8BDE-E121F9C8DDD7}.Debug|x64.ActiveCfg = Debug|Any CPU
		{D2021C14-31E0-4816-8BDE-E121F9C8DDD7}.Debug|x64.Build.0 = Debug|Any CPU
		{D2021C14-31E0-4816-8BDE-E121F9C8DDD7}.Debug|x86.ActiveCfg = Debug|Any CPU
		{D2021C14-31E0-4816-8BDE-E121F9C8DDD7}.Debug|x86.Build.0 = Debug|Any CPU
		{D2021C14-31E0-4816-8BDE-E121F9C8DDD7}.Release|Any CPU.ActiveCfg = Release|Any CPU
		{D2021C14-31E0-4816-8BDE-E121F9C8DDD7}.Release|Any CPU.Build.0 = Release|Any CPU
		{D2021C14-31E0-4816-8BDE-E121F9C8DDD7}.Release|x64.ActiveCfg = Release|Any CPU
		{D2021C14-31E0-4816-8BDE-E121F9C8DDD7}.Release|x64.Build.0 = Release|Any CPU
		{D2021C14-31E0-4816-8BDE-E121F9C8DDD7}.Release|x86.ActiveCfg = Release|Any CPU
		{D2021C14-31E0-4816-8BDE-E121F9C8DDD7}.Release|x86.Build.0 = Release|Any CPU
		{B6D79EA7-B5AC-4B05-A1B9-528F1FCBD5C6}.Debug|Any CPU.ActiveCfg = Debug|Any CPU
		{B6D79EA7-B5AC-4B05-A1B9-528F1FCBD5C6}.Debug|Any CPU.Build.0 = Debug|Any CPU
		{B6D79EA7-B5AC-4B05-A1B9-528F1FCBD5C6}.Debug|x64.ActiveCfg = Debug|Any CPU
		{B6D79EA7-B5AC-4B05-A1B9-528F1FCBD5C6}.Debug|x64.Build.0 = Debug|Any CPU
		{B6D79EA7-B5AC-4B05-A1B9-528F1FCBD5C6}.Debug|x86.ActiveCfg = Debug|Any CPU
		{B6D79EA7-B5AC-4B05-A1B9-528F1FCBD5C6}.Debug|x86.Build.0 = Debug|Any CPU
		{B6D79EA7-B5AC-4B05-A1B9-528F1FCBD5C6}.Release|Any CPU.ActiveCfg = Release|Any CPU
		{B6D79EA7-B5AC-4B05-A1B9-528F1FCBD5C6}.Release|Any CPU.Build.0 = Release|Any CPU
		{B6D79EA7-B5AC-4B05-A1B9-528F1FCBD5C6}.Release|x64.ActiveCfg = Release|Any CPU
		{B6D79EA7-B5AC-4B05-A1B9-528F1FCBD5C6}.Release|x64.Build.0 = Release|Any CPU
		{B6D79EA7-B5AC-4B05-A1B9-528F1FCBD5C6}.Release|x86.ActiveCfg = Release|Any CPU
		{B6D79EA7-B5AC-4B05-A1B9-528F1FCBD5C6}.Release|x86.Build.0 = Release|Any CPU
		{6CF8C226-0C08-404D-9236-B0EF0277A745}.Debug|Any CPU.ActiveCfg = Debug|Any CPU
		{6CF8C226-0C08-404D-9236-B0EF0277A745}.Debug|Any CPU.Build.0 = Debug|Any CPU
		{6CF8C226-0C08-404D-9236-B0EF0277A745}.Debug|x64.ActiveCfg = Debug|Any CPU
		{6CF8C226-0C08-404D-9236-B0EF0277A745}.Debug|x64.Build.0 = Debug|Any CPU
		{6CF8C226-0C08-404D-9236-B0EF0277A745}.Debug|x86.ActiveCfg = Debug|Any CPU
		{6CF8C226-0C08-404D-9236-B0EF0277A745}.Debug|x86.Build.0 = Debug|Any CPU
		{6CF8C226-0C08-404D-9236-B0EF0277A745}.Release|Any CPU.ActiveCfg = Release|Any CPU
		{6CF8C226-0C08-404D-9236-B0EF0277A745}.Release|Any CPU.Build.0 = Release|Any CPU
		{6CF8C226-0C08-404D-9236-B0EF0277A745}.Release|x64.ActiveCfg = Release|Any CPU
		{6CF8C226-0C08-404D-9236-B0EF0277A745}.Release|x64.Build.0 = Release|Any CPU
		{6CF8C226-0C08-404D-9236-B0EF0277A745}.Release|x86.ActiveCfg = Release|Any CPU
		{6CF8C226-0C08-404D-9236-B0EF0277A745}.Release|x86.Build.0 = Release|Any CPU
		{94A9A878-53AA-4C8B-A247-51E58AB63377}.Debug|Any CPU.ActiveCfg = Debug|Any CPU
		{94A9A878-53AA-4C8B-A247-51E58AB63377}.Debug|Any CPU.Build.0 = Debug|Any CPU
		{94A9A878-53AA-4C8B-A247-51E58AB63377}.Debug|x64.ActiveCfg = Debug|Any CPU
		{94A9A878-53AA-4C8B-A247-51E58AB63377}.Debug|x64.Build.0 = Debug|Any CPU
		{94A9A878-53AA-4C8B-A247-51E58AB63377}.Debug|x86.ActiveCfg = Debug|Any CPU
		{94A9A878-53AA-4C8B-A247-51E58AB63377}.Debug|x86.Build.0 = Debug|Any CPU
		{94A9A878-53AA-4C8B-A247-51E58AB63377}.Release|Any CPU.ActiveCfg = Release|Any CPU
		{94A9A878-53AA-4C8B-A247-51E58AB63377}.Release|Any CPU.Build.0 = Release|Any CPU
		{94A9A878-53AA-4C8B-A247-51E58AB63377}.Release|x64.ActiveCfg = Release|Any CPU
		{94A9A878-53AA-4C8B-A247-51E58AB63377}.Release|x64.Build.0 = Release|Any CPU
		{94A9A878-53AA-4C8B-A247-51E58AB63377}.Release|x86.ActiveCfg = Release|Any CPU
		{94A9A878-53AA-4C8B-A247-51E58AB63377}.Release|x86.Build.0 = Release|Any CPU
		{9B224D54-9527-46C5-9663-3A0E3063B38E}.Debug|Any CPU.ActiveCfg = Debug|Any CPU
		{9B224D54-9527-46C5-9663-3A0E3063B38E}.Debug|Any CPU.Build.0 = Debug|Any CPU
		{9B224D54-9527-46C5-9663-3A0E3063B38E}.Debug|x64.ActiveCfg = Debug|Any CPU
		{9B224D54-9527-46C5-9663-3A0E3063B38E}.Debug|x64.Build.0 = Debug|Any CPU
		{9B224D54-9527-46C5-9663-3A0E3063B38E}.Debug|x86.ActiveCfg = Debug|Any CPU
		{9B224D54-9527-46C5-9663-3A0E3063B38E}.Debug|x86.Build.0 = Debug|Any CPU
		{9B224D54-9527-46C5-9663-3A0E3063B38E}.Release|Any CPU.ActiveCfg = Release|Any CPU
		{9B224D54-9527-46C5-9663-3A0E3063B38E}.Release|Any CPU.Build.0 = Release|Any CPU
		{9B224D54-9527-46C5-9663-3A0E3063B38E}.Release|x64.ActiveCfg = Release|Any CPU
		{9B224D54-9527-46C5-9663-3A0E3063B38E}.Release|x64.Build.0 = Release|Any CPU
		{9B224D54-9527-46C5-9663-3A0E3063B38E}.Release|x86.ActiveCfg = Release|Any CPU
		{9B224D54-9527-46C5-9663-3A0E3063B38E}.Release|x86.Build.0 = Release|Any CPU
		{DBCE44FF-64E0-40F5-92F9-395DE876A489}.Debug|Any CPU.ActiveCfg = Debug|Any CPU
		{DBCE44FF-64E0-40F5-92F9-395DE876A489}.Debug|Any CPU.Build.0 = Debug|Any CPU
		{DBCE44FF-64E0-40F5-92F9-395DE876A489}.Debug|x64.ActiveCfg = Debug|Any CPU
		{DBCE44FF-64E0-40F5-92F9-395DE876A489}.Debug|x64.Build.0 = Debug|Any CPU
		{DBCE44FF-64E0-40F5-92F9-395DE876A489}.Debug|x86.ActiveCfg = Debug|Any CPU
		{DBCE44FF-64E0-40F5-92F9-395DE876A489}.Debug|x86.Build.0 = Debug|Any CPU
		{DBCE44FF-64E0-40F5-92F9-395DE876A489}.Release|Any CPU.ActiveCfg = Release|Any CPU
		{DBCE44FF-64E0-40F5-92F9-395DE876A489}.Release|Any CPU.Build.0 = Release|Any CPU
		{DBCE44FF-64E0-40F5-92F9-395DE876A489}.Release|x64.ActiveCfg = Release|Any CPU
		{DBCE44FF-64E0-40F5-92F9-395DE876A489}.Release|x64.Build.0 = Release|Any CPU
		{DBCE44FF-64E0-40F5-92F9-395DE876A489}.Release|x86.ActiveCfg = Release|Any CPU
		{DBCE44FF-64E0-40F5-92F9-395DE876A489}.Release|x86.Build.0 = Release|Any CPU
		{721A59CC-C77B-4852-A8CB-D54FCA394DAF}.Debug|Any CPU.ActiveCfg = Debug|Any CPU
		{721A59CC-C77B-4852-A8CB-D54FCA394DAF}.Debug|Any CPU.Build.0 = Debug|Any CPU
		{721A59CC-C77B-4852-A8CB-D54FCA394DAF}.Debug|x64.ActiveCfg = Debug|Any CPU
		{721A59CC-C77B-4852-A8CB-D54FCA394DAF}.Debug|x64.Build.0 = Debug|Any CPU
		{721A59CC-C77B-4852-A8CB-D54FCA394DAF}.Debug|x86.ActiveCfg = Debug|Any CPU
		{721A59CC-C77B-4852-A8CB-D54FCA394DAF}.Debug|x86.Build.0 = Debug|Any CPU
		{721A59CC-C77B-4852-A8CB-D54FCA394DAF}.Release|Any CPU.ActiveCfg = Release|Any CPU
		{721A59CC-C77B-4852-A8CB-D54FCA394DAF}.Release|Any CPU.Build.0 = Release|Any CPU
		{721A59CC-C77B-4852-A8CB-D54FCA394DAF}.Release|x64.ActiveCfg = Release|Any CPU
		{721A59CC-C77B-4852-A8CB-D54FCA394DAF}.Release|x64.Build.0 = Release|Any CPU
		{721A59CC-C77B-4852-A8CB-D54FCA394DAF}.Release|x86.ActiveCfg = Release|Any CPU
		{721A59CC-C77B-4852-A8CB-D54FCA394DAF}.Release|x86.Build.0 = Release|Any CPU
		{056A587C-16E0-4774-B885-BDB13EC02761}.Debug|Any CPU.ActiveCfg = Debug|Any CPU
		{056A587C-16E0-4774-B885-BDB13EC02761}.Debug|Any CPU.Build.0 = Debug|Any CPU
		{056A587C-16E0-4774-B885-BDB13EC02761}.Debug|x64.ActiveCfg = Debug|Any CPU
		{056A587C-16E0-4774-B885-BDB13EC02761}.Debug|x64.Build.0 = Debug|Any CPU
		{056A587C-16E0-4774-B885-BDB13EC02761}.Debug|x86.ActiveCfg = Debug|Any CPU
		{056A587C-16E0-4774-B885-BDB13EC02761}.Debug|x86.Build.0 = Debug|Any CPU
		{056A587C-16E0-4774-B885-BDB13EC02761}.Release|Any CPU.ActiveCfg = Release|Any CPU
		{056A587C-16E0-4774-B885-BDB13EC02761}.Release|Any CPU.Build.0 = Release|Any CPU
		{056A587C-16E0-4774-B885-BDB13EC02761}.Release|x64.ActiveCfg = Release|Any CPU
		{056A587C-16E0-4774-B885-BDB13EC02761}.Release|x64.Build.0 = Release|Any CPU
		{056A587C-16E0-4774-B885-BDB13EC02761}.Release|x86.ActiveCfg = Release|Any CPU
		{056A587C-16E0-4774-B885-BDB13EC02761}.Release|x86.Build.0 = Release|Any CPU
		{BFB1CE2A-47D5-4BD7-8E52-2D93759F44B2}.Debug|Any CPU.ActiveCfg = Debug|Any CPU
		{BFB1CE2A-47D5-4BD7-8E52-2D93759F44B2}.Debug|Any CPU.Build.0 = Debug|Any CPU
		{BFB1CE2A-47D5-4BD7-8E52-2D93759F44B2}.Debug|x64.ActiveCfg = Debug|Any CPU
		{BFB1CE2A-47D5-4BD7-8E52-2D93759F44B2}.Debug|x64.Build.0 = Debug|Any CPU
		{BFB1CE2A-47D5-4BD7-8E52-2D93759F44B2}.Debug|x86.ActiveCfg = Debug|Any CPU
		{BFB1CE2A-47D5-4BD7-8E52-2D93759F44B2}.Debug|x86.Build.0 = Debug|Any CPU
		{BFB1CE2A-47D5-4BD7-8E52-2D93759F44B2}.Release|Any CPU.ActiveCfg = Release|Any CPU
		{BFB1CE2A-47D5-4BD7-8E52-2D93759F44B2}.Release|Any CPU.Build.0 = Release|Any CPU
		{BFB1CE2A-47D5-4BD7-8E52-2D93759F44B2}.Release|x64.ActiveCfg = Release|Any CPU
		{BFB1CE2A-47D5-4BD7-8E52-2D93759F44B2}.Release|x64.Build.0 = Release|Any CPU
		{BFB1CE2A-47D5-4BD7-8E52-2D93759F44B2}.Release|x86.ActiveCfg = Release|Any CPU
		{BFB1CE2A-47D5-4BD7-8E52-2D93759F44B2}.Release|x86.Build.0 = Release|Any CPU
		{7F9BBE82-B12D-4025-A8FF-0BF9B3A498D0}.Debug|Any CPU.ActiveCfg = Debug|Any CPU
		{7F9BBE82-B12D-4025-A8FF-0BF9B3A498D0}.Debug|Any CPU.Build.0 = Debug|Any CPU
		{7F9BBE82-B12D-4025-A8FF-0BF9B3A498D0}.Debug|x64.ActiveCfg = Debug|Any CPU
		{7F9BBE82-B12D-4025-A8FF-0BF9B3A498D0}.Debug|x64.Build.0 = Debug|Any CPU
		{7F9BBE82-B12D-4025-A8FF-0BF9B3A498D0}.Debug|x86.ActiveCfg = Debug|Any CPU
		{7F9BBE82-B12D-4025-A8FF-0BF9B3A498D0}.Debug|x86.Build.0 = Debug|Any CPU
		{7F9BBE82-B12D-4025-A8FF-0BF9B3A498D0}.Release|Any CPU.ActiveCfg = Release|Any CPU
		{7F9BBE82-B12D-4025-A8FF-0BF9B3A498D0}.Release|Any CPU.Build.0 = Release|Any CPU
		{7F9BBE82-B12D-4025-A8FF-0BF9B3A498D0}.Release|x64.ActiveCfg = Release|Any CPU
		{7F9BBE82-B12D-4025-A8FF-0BF9B3A498D0}.Release|x64.Build.0 = Release|Any CPU
		{7F9BBE82-B12D-4025-A8FF-0BF9B3A498D0}.Release|x86.ActiveCfg = Release|Any CPU
		{7F9BBE82-B12D-4025-A8FF-0BF9B3A498D0}.Release|x86.Build.0 = Release|Any CPU
		{63134098-57BA-46C6-ACF5-581CF0D0CFE2}.Debug|Any CPU.ActiveCfg = Debug|Any CPU
		{63134098-57BA-46C6-ACF5-581CF0D0CFE2}.Debug|Any CPU.Build.0 = Debug|Any CPU
		{63134098-57BA-46C6-ACF5-581CF0D0CFE2}.Debug|x64.ActiveCfg = Debug|Any CPU
		{63134098-57BA-46C6-ACF5-581CF0D0CFE2}.Debug|x64.Build.0 = Debug|Any CPU
		{63134098-57BA-46C6-ACF5-581CF0D0CFE2}.Debug|x86.ActiveCfg = Debug|Any CPU
		{63134098-57BA-46C6-ACF5-581CF0D0CFE2}.Debug|x86.Build.0 = Debug|Any CPU
		{63134098-57BA-46C6-ACF5-581CF0D0CFE2}.Release|Any CPU.ActiveCfg = Release|Any CPU
		{63134098-57BA-46C6-ACF5-581CF0D0CFE2}.Release|Any CPU.Build.0 = Release|Any CPU
		{63134098-57BA-46C6-ACF5-581CF0D0CFE2}.Release|x64.ActiveCfg = Release|Any CPU
		{63134098-57BA-46C6-ACF5-581CF0D0CFE2}.Release|x64.Build.0 = Release|Any CPU
		{63134098-57BA-46C6-ACF5-581CF0D0CFE2}.Release|x86.ActiveCfg = Release|Any CPU
		{63134098-57BA-46C6-ACF5-581CF0D0CFE2}.Release|x86.Build.0 = Release|Any CPU
		{A2C0F6AD-FA35-4207-837F-5EF30A76D5B8}.Debug|Any CPU.ActiveCfg = Debug|Any CPU
		{A2C0F6AD-FA35-4207-837F-5EF30A76D5B8}.Debug|Any CPU.Build.0 = Debug|Any CPU
		{A2C0F6AD-FA35-4207-837F-5EF30A76D5B8}.Debug|x64.ActiveCfg = Debug|Any CPU
		{A2C0F6AD-FA35-4207-837F-5EF30A76D5B8}.Debug|x64.Build.0 = Debug|Any CPU
		{A2C0F6AD-FA35-4207-837F-5EF30A76D5B8}.Debug|x86.ActiveCfg = Debug|Any CPU
		{A2C0F6AD-FA35-4207-837F-5EF30A76D5B8}.Debug|x86.Build.0 = Debug|Any CPU
		{A2C0F6AD-FA35-4207-837F-5EF30A76D5B8}.Release|Any CPU.ActiveCfg = Release|Any CPU
		{A2C0F6AD-FA35-4207-837F-5EF30A76D5B8}.Release|Any CPU.Build.0 = Release|Any CPU
		{A2C0F6AD-FA35-4207-837F-5EF30A76D5B8}.Release|x64.ActiveCfg = Release|Any CPU
		{A2C0F6AD-FA35-4207-837F-5EF30A76D5B8}.Release|x64.Build.0 = Release|Any CPU
		{A2C0F6AD-FA35-4207-837F-5EF30A76D5B8}.Release|x86.ActiveCfg = Release|Any CPU
		{A2C0F6AD-FA35-4207-837F-5EF30A76D5B8}.Release|x86.Build.0 = Release|Any CPU
		{CF96ECC3-DBD7-4596-990F-C67EE2CD129D}.Debug|Any CPU.ActiveCfg = Debug|Any CPU
		{CF96ECC3-DBD7-4596-990F-C67EE2CD129D}.Debug|Any CPU.Build.0 = Debug|Any CPU
		{CF96ECC3-DBD7-4596-990F-C67EE2CD129D}.Debug|x64.ActiveCfg = Debug|Any CPU
		{CF96ECC3-DBD7-4596-990F-C67EE2CD129D}.Debug|x64.Build.0 = Debug|Any CPU
		{CF96ECC3-DBD7-4596-990F-C67EE2CD129D}.Debug|x86.ActiveCfg = Debug|Any CPU
		{CF96ECC3-DBD7-4596-990F-C67EE2CD129D}.Debug|x86.Build.0 = Debug|Any CPU
		{CF96ECC3-DBD7-4596-990F-C67EE2CD129D}.Release|Any CPU.ActiveCfg = Release|Any CPU
		{CF96ECC3-DBD7-4596-990F-C67EE2CD129D}.Release|Any CPU.Build.0 = Release|Any CPU
		{CF96ECC3-DBD7-4596-990F-C67EE2CD129D}.Release|x64.ActiveCfg = Release|Any CPU
		{CF96ECC3-DBD7-4596-990F-C67EE2CD129D}.Release|x64.Build.0 = Release|Any CPU
		{CF96ECC3-DBD7-4596-990F-C67EE2CD129D}.Release|x86.ActiveCfg = Release|Any CPU
		{CF96ECC3-DBD7-4596-990F-C67EE2CD129D}.Release|x86.Build.0 = Release|Any CPU
		{E1C54ADB-8E9F-407E-A89B-8D3A4B66D2F4}.Debug|Any CPU.ActiveCfg = Debug|Any CPU
		{E1C54ADB-8E9F-407E-A89B-8D3A4B66D2F4}.Debug|Any CPU.Build.0 = Debug|Any CPU
		{E1C54ADB-8E9F-407E-A89B-8D3A4B66D2F4}.Debug|x64.ActiveCfg = Debug|Any CPU
		{E1C54ADB-8E9F-407E-A89B-8D3A4B66D2F4}.Debug|x64.Build.0 = Debug|Any CPU
		{E1C54ADB-8E9F-407E-A89B-8D3A4B66D2F4}.Debug|x86.ActiveCfg = Debug|Any CPU
		{E1C54ADB-8E9F-407E-A89B-8D3A4B66D2F4}.Debug|x86.Build.0 = Debug|Any CPU
		{E1C54ADB-8E9F-407E-A89B-8D3A4B66D2F4}.Release|Any CPU.ActiveCfg = Release|Any CPU
		{E1C54ADB-8E9F-407E-A89B-8D3A4B66D2F4}.Release|Any CPU.Build.0 = Release|Any CPU
		{E1C54ADB-8E9F-407E-A89B-8D3A4B66D2F4}.Release|x64.ActiveCfg = Release|Any CPU
		{E1C54ADB-8E9F-407E-A89B-8D3A4B66D2F4}.Release|x64.Build.0 = Release|Any CPU
		{E1C54ADB-8E9F-407E-A89B-8D3A4B66D2F4}.Release|x86.ActiveCfg = Release|Any CPU
		{E1C54ADB-8E9F-407E-A89B-8D3A4B66D2F4}.Release|x86.Build.0 = Release|Any CPU
		{BDAD89F2-B519-4765-BAE9-D75F8287A70E}.Debug|Any CPU.ActiveCfg = Debug|Any CPU
		{BDAD89F2-B519-4765-BAE9-D75F8287A70E}.Debug|Any CPU.Build.0 = Debug|Any CPU
		{BDAD89F2-B519-4765-BAE9-D75F8287A70E}.Debug|x64.ActiveCfg = Debug|Any CPU
		{BDAD89F2-B519-4765-BAE9-D75F8287A70E}.Debug|x64.Build.0 = Debug|Any CPU
		{BDAD89F2-B519-4765-BAE9-D75F8287A70E}.Debug|x86.ActiveCfg = Debug|Any CPU
		{BDAD89F2-B519-4765-BAE9-D75F8287A70E}.Debug|x86.Build.0 = Debug|Any CPU
		{BDAD89F2-B519-4765-BAE9-D75F8287A70E}.Release|Any CPU.ActiveCfg = Release|Any CPU
		{BDAD89F2-B519-4765-BAE9-D75F8287A70E}.Release|Any CPU.Build.0 = Release|Any CPU
		{BDAD89F2-B519-4765-BAE9-D75F8287A70E}.Release|x64.ActiveCfg = Release|Any CPU
		{BDAD89F2-B519-4765-BAE9-D75F8287A70E}.Release|x64.Build.0 = Release|Any CPU
		{BDAD89F2-B519-4765-BAE9-D75F8287A70E}.Release|x86.ActiveCfg = Release|Any CPU
		{BDAD89F2-B519-4765-BAE9-D75F8287A70E}.Release|x86.Build.0 = Release|Any CPU
		{D8C3E5D3-2D16-49DC-B24D-65CA05E03CB3}.Debug|Any CPU.ActiveCfg = Debug|Any CPU
		{D8C3E5D3-2D16-49DC-B24D-65CA05E03CB3}.Debug|Any CPU.Build.0 = Debug|Any CPU
		{D8C3E5D3-2D16-49DC-B24D-65CA05E03CB3}.Debug|x64.ActiveCfg = Debug|Any CPU
		{D8C3E5D3-2D16-49DC-B24D-65CA05E03CB3}.Debug|x64.Build.0 = Debug|Any CPU
		{D8C3E5D3-2D16-49DC-B24D-65CA05E03CB3}.Debug|x86.ActiveCfg = Debug|Any CPU
		{D8C3E5D3-2D16-49DC-B24D-65CA05E03CB3}.Debug|x86.Build.0 = Debug|Any CPU
		{D8C3E5D3-2D16-49DC-B24D-65CA05E03CB3}.Release|Any CPU.ActiveCfg = Release|Any CPU
		{D8C3E5D3-2D16-49DC-B24D-65CA05E03CB3}.Release|Any CPU.Build.0 = Release|Any CPU
		{D8C3E5D3-2D16-49DC-B24D-65CA05E03CB3}.Release|x64.ActiveCfg = Release|Any CPU
		{D8C3E5D3-2D16-49DC-B24D-65CA05E03CB3}.Release|x64.Build.0 = Release|Any CPU
		{D8C3E5D3-2D16-49DC-B24D-65CA05E03CB3}.Release|x86.ActiveCfg = Release|Any CPU
		{D8C3E5D3-2D16-49DC-B24D-65CA05E03CB3}.Release|x86.Build.0 = Release|Any CPU
		{637506C9-4157-46EE-89C5-716A042BC83F}.Debug|Any CPU.ActiveCfg = Debug|Any CPU
		{637506C9-4157-46EE-89C5-716A042BC83F}.Debug|Any CPU.Build.0 = Debug|Any CPU
		{637506C9-4157-46EE-89C5-716A042BC83F}.Debug|x64.ActiveCfg = Debug|Any CPU
		{637506C9-4157-46EE-89C5-716A042BC83F}.Debug|x64.Build.0 = Debug|Any CPU
		{637506C9-4157-46EE-89C5-716A042BC83F}.Debug|x86.ActiveCfg = Debug|Any CPU
		{637506C9-4157-46EE-89C5-716A042BC83F}.Debug|x86.Build.0 = Debug|Any CPU
		{637506C9-4157-46EE-89C5-716A042BC83F}.Release|Any CPU.ActiveCfg = Release|Any CPU
		{637506C9-4157-46EE-89C5-716A042BC83F}.Release|Any CPU.Build.0 = Release|Any CPU
		{637506C9-4157-46EE-89C5-716A042BC83F}.Release|x64.ActiveCfg = Release|Any CPU
		{637506C9-4157-46EE-89C5-716A042BC83F}.Release|x64.Build.0 = Release|Any CPU
		{637506C9-4157-46EE-89C5-716A042BC83F}.Release|x86.ActiveCfg = Release|Any CPU
		{637506C9-4157-46EE-89C5-716A042BC83F}.Release|x86.Build.0 = Release|Any CPU
		{D4579556-D5B6-495F-84E3-12E839443332}.Debug|Any CPU.ActiveCfg = Debug|Any CPU
		{D4579556-D5B6-495F-84E3-12E839443332}.Debug|Any CPU.Build.0 = Debug|Any CPU
		{D4579556-D5B6-495F-84E3-12E839443332}.Debug|x64.ActiveCfg = Debug|Any CPU
		{D4579556-D5B6-495F-84E3-12E839443332}.Debug|x64.Build.0 = Debug|Any CPU
		{D4579556-D5B6-495F-84E3-12E839443332}.Debug|x86.ActiveCfg = Debug|Any CPU
		{D4579556-D5B6-495F-84E3-12E839443332}.Debug|x86.Build.0 = Debug|Any CPU
		{D4579556-D5B6-495F-84E3-12E839443332}.Release|Any CPU.ActiveCfg = Release|Any CPU
		{D4579556-D5B6-495F-84E3-12E839443332}.Release|Any CPU.Build.0 = Release|Any CPU
		{D4579556-D5B6-495F-84E3-12E839443332}.Release|x64.ActiveCfg = Release|Any CPU
		{D4579556-D5B6-495F-84E3-12E839443332}.Release|x64.Build.0 = Release|Any CPU
		{D4579556-D5B6-495F-84E3-12E839443332}.Release|x86.ActiveCfg = Release|Any CPU
		{D4579556-D5B6-495F-84E3-12E839443332}.Release|x86.Build.0 = Release|Any CPU
		{BB58A3E4-44D4-454B-9A35-80B5AB6CD6CB}.Debug|Any CPU.ActiveCfg = Debug|Any CPU
		{BB58A3E4-44D4-454B-9A35-80B5AB6CD6CB}.Debug|Any CPU.Build.0 = Debug|Any CPU
		{BB58A3E4-44D4-454B-9A35-80B5AB6CD6CB}.Debug|x64.ActiveCfg = Debug|Any CPU
		{BB58A3E4-44D4-454B-9A35-80B5AB6CD6CB}.Debug|x64.Build.0 = Debug|Any CPU
		{BB58A3E4-44D4-454B-9A35-80B5AB6CD6CB}.Debug|x86.ActiveCfg = Debug|Any CPU
		{BB58A3E4-44D4-454B-9A35-80B5AB6CD6CB}.Debug|x86.Build.0 = Debug|Any CPU
		{BB58A3E4-44D4-454B-9A35-80B5AB6CD6CB}.Release|Any CPU.ActiveCfg = Release|Any CPU
		{BB58A3E4-44D4-454B-9A35-80B5AB6CD6CB}.Release|Any CPU.Build.0 = Release|Any CPU
		{BB58A3E4-44D4-454B-9A35-80B5AB6CD6CB}.Release|x64.ActiveCfg = Release|Any CPU
		{BB58A3E4-44D4-454B-9A35-80B5AB6CD6CB}.Release|x64.Build.0 = Release|Any CPU
		{BB58A3E4-44D4-454B-9A35-80B5AB6CD6CB}.Release|x86.ActiveCfg = Release|Any CPU
		{BB58A3E4-44D4-454B-9A35-80B5AB6CD6CB}.Release|x86.Build.0 = Release|Any CPU
		{2A9FC273-08B7-4B97-AD1E-DCE292945A0A}.Debug|Any CPU.ActiveCfg = Debug|Any CPU
		{2A9FC273-08B7-4B97-AD1E-DCE292945A0A}.Debug|Any CPU.Build.0 = Debug|Any CPU
		{2A9FC273-08B7-4B97-AD1E-DCE292945A0A}.Debug|x64.ActiveCfg = Debug|Any CPU
		{2A9FC273-08B7-4B97-AD1E-DCE292945A0A}.Debug|x64.Build.0 = Debug|Any CPU
		{2A9FC273-08B7-4B97-AD1E-DCE292945A0A}.Debug|x86.ActiveCfg = Debug|Any CPU
		{2A9FC273-08B7-4B97-AD1E-DCE292945A0A}.Debug|x86.Build.0 = Debug|Any CPU
		{2A9FC273-08B7-4B97-AD1E-DCE292945A0A}.Release|Any CPU.ActiveCfg = Release|Any CPU
		{2A9FC273-08B7-4B97-AD1E-DCE292945A0A}.Release|Any CPU.Build.0 = Release|Any CPU
		{2A9FC273-08B7-4B97-AD1E-DCE292945A0A}.Release|x64.ActiveCfg = Release|Any CPU
		{2A9FC273-08B7-4B97-AD1E-DCE292945A0A}.Release|x64.Build.0 = Release|Any CPU
		{2A9FC273-08B7-4B97-AD1E-DCE292945A0A}.Release|x86.ActiveCfg = Release|Any CPU
		{2A9FC273-08B7-4B97-AD1E-DCE292945A0A}.Release|x86.Build.0 = Release|Any CPU
		{1E9BFA6E-5195-4750-ABF5-DB7AB06AF4CD}.Debug|Any CPU.ActiveCfg = Debug|Any CPU
		{1E9BFA6E-5195-4750-ABF5-DB7AB06AF4CD}.Debug|Any CPU.Build.0 = Debug|Any CPU
		{1E9BFA6E-5195-4750-ABF5-DB7AB06AF4CD}.Debug|x64.ActiveCfg = Debug|Any CPU
		{1E9BFA6E-5195-4750-ABF5-DB7AB06AF4CD}.Debug|x64.Build.0 = Debug|Any CPU
		{1E9BFA6E-5195-4750-ABF5-DB7AB06AF4CD}.Debug|x86.ActiveCfg = Debug|Any CPU
		{1E9BFA6E-5195-4750-ABF5-DB7AB06AF4CD}.Debug|x86.Build.0 = Debug|Any CPU
		{1E9BFA6E-5195-4750-ABF5-DB7AB06AF4CD}.Release|Any CPU.ActiveCfg = Release|Any CPU
		{1E9BFA6E-5195-4750-ABF5-DB7AB06AF4CD}.Release|Any CPU.Build.0 = Release|Any CPU
		{1E9BFA6E-5195-4750-ABF5-DB7AB06AF4CD}.Release|x64.ActiveCfg = Release|Any CPU
		{1E9BFA6E-5195-4750-ABF5-DB7AB06AF4CD}.Release|x64.Build.0 = Release|Any CPU
		{1E9BFA6E-5195-4750-ABF5-DB7AB06AF4CD}.Release|x86.ActiveCfg = Release|Any CPU
		{1E9BFA6E-5195-4750-ABF5-DB7AB06AF4CD}.Release|x86.Build.0 = Release|Any CPU
		{B09BD2F8-9072-4277-92F9-A91DDE563F65}.Debug|Any CPU.ActiveCfg = Debug|Any CPU
		{B09BD2F8-9072-4277-92F9-A91DDE563F65}.Debug|Any CPU.Build.0 = Debug|Any CPU
		{B09BD2F8-9072-4277-92F9-A91DDE563F65}.Debug|x64.ActiveCfg = Debug|Any CPU
		{B09BD2F8-9072-4277-92F9-A91DDE563F65}.Debug|x64.Build.0 = Debug|Any CPU
		{B09BD2F8-9072-4277-92F9-A91DDE563F65}.Debug|x86.ActiveCfg = Debug|Any CPU
		{B09BD2F8-9072-4277-92F9-A91DDE563F65}.Debug|x86.Build.0 = Debug|Any CPU
		{B09BD2F8-9072-4277-92F9-A91DDE563F65}.Release|Any CPU.ActiveCfg = Release|Any CPU
		{B09BD2F8-9072-4277-92F9-A91DDE563F65}.Release|Any CPU.Build.0 = Release|Any CPU
		{B09BD2F8-9072-4277-92F9-A91DDE563F65}.Release|x64.ActiveCfg = Release|Any CPU
		{B09BD2F8-9072-4277-92F9-A91DDE563F65}.Release|x64.Build.0 = Release|Any CPU
		{B09BD2F8-9072-4277-92F9-A91DDE563F65}.Release|x86.ActiveCfg = Release|Any CPU
		{B09BD2F8-9072-4277-92F9-A91DDE563F65}.Release|x86.Build.0 = Release|Any CPU
		{C8F3B785-4B4E-4376-830A-0C66627EECFE}.Debug|Any CPU.ActiveCfg = Debug|Any CPU
		{C8F3B785-4B4E-4376-830A-0C66627EECFE}.Debug|Any CPU.Build.0 = Debug|Any CPU
		{C8F3B785-4B4E-4376-830A-0C66627EECFE}.Debug|x64.ActiveCfg = Debug|Any CPU
		{C8F3B785-4B4E-4376-830A-0C66627EECFE}.Debug|x64.Build.0 = Debug|Any CPU
		{C8F3B785-4B4E-4376-830A-0C66627EECFE}.Debug|x86.ActiveCfg = Debug|Any CPU
		{C8F3B785-4B4E-4376-830A-0C66627EECFE}.Debug|x86.Build.0 = Debug|Any CPU
		{C8F3B785-4B4E-4376-830A-0C66627EECFE}.Release|Any CPU.ActiveCfg = Release|Any CPU
		{C8F3B785-4B4E-4376-830A-0C66627EECFE}.Release|Any CPU.Build.0 = Release|Any CPU
		{C8F3B785-4B4E-4376-830A-0C66627EECFE}.Release|x64.ActiveCfg = Release|Any CPU
		{C8F3B785-4B4E-4376-830A-0C66627EECFE}.Release|x64.Build.0 = Release|Any CPU
		{C8F3B785-4B4E-4376-830A-0C66627EECFE}.Release|x86.ActiveCfg = Release|Any CPU
		{C8F3B785-4B4E-4376-830A-0C66627EECFE}.Release|x86.Build.0 = Release|Any CPU
		{C1843CE1-D2C9-4E5E-9279-ED39A9D34D98}.Debug|Any CPU.ActiveCfg = Debug|Any CPU
		{C1843CE1-D2C9-4E5E-9279-ED39A9D34D98}.Debug|Any CPU.Build.0 = Debug|Any CPU
		{C1843CE1-D2C9-4E5E-9279-ED39A9D34D98}.Debug|x64.ActiveCfg = Debug|Any CPU
		{C1843CE1-D2C9-4E5E-9279-ED39A9D34D98}.Debug|x64.Build.0 = Debug|Any CPU
		{C1843CE1-D2C9-4E5E-9279-ED39A9D34D98}.Debug|x86.ActiveCfg = Debug|Any CPU
		{C1843CE1-D2C9-4E5E-9279-ED39A9D34D98}.Debug|x86.Build.0 = Debug|Any CPU
		{C1843CE1-D2C9-4E5E-9279-ED39A9D34D98}.Release|Any CPU.ActiveCfg = Release|Any CPU
		{C1843CE1-D2C9-4E5E-9279-ED39A9D34D98}.Release|Any CPU.Build.0 = Release|Any CPU
		{C1843CE1-D2C9-4E5E-9279-ED39A9D34D98}.Release|x64.ActiveCfg = Release|Any CPU
		{C1843CE1-D2C9-4E5E-9279-ED39A9D34D98}.Release|x64.Build.0 = Release|Any CPU
		{C1843CE1-D2C9-4E5E-9279-ED39A9D34D98}.Release|x86.ActiveCfg = Release|Any CPU
		{C1843CE1-D2C9-4E5E-9279-ED39A9D34D98}.Release|x86.Build.0 = Release|Any CPU
		{C18626F7-7026-434B-8C57-A2C48E8B2617}.Debug|Any CPU.ActiveCfg = Debug|Any CPU
		{C18626F7-7026-434B-8C57-A2C48E8B2617}.Debug|Any CPU.Build.0 = Debug|Any CPU
		{C18626F7-7026-434B-8C57-A2C48E8B2617}.Debug|x64.ActiveCfg = Debug|Any CPU
		{C18626F7-7026-434B-8C57-A2C48E8B2617}.Debug|x64.Build.0 = Debug|Any CPU
		{C18626F7-7026-434B-8C57-A2C48E8B2617}.Debug|x86.ActiveCfg = Debug|Any CPU
		{C18626F7-7026-434B-8C57-A2C48E8B2617}.Debug|x86.Build.0 = Debug|Any CPU
		{C18626F7-7026-434B-8C57-A2C48E8B2617}.Release|Any CPU.ActiveCfg = Release|Any CPU
		{C18626F7-7026-434B-8C57-A2C48E8B2617}.Release|Any CPU.Build.0 = Release|Any CPU
		{C18626F7-7026-434B-8C57-A2C48E8B2617}.Release|x64.ActiveCfg = Release|Any CPU
		{C18626F7-7026-434B-8C57-A2C48E8B2617}.Release|x64.Build.0 = Release|Any CPU
		{C18626F7-7026-434B-8C57-A2C48E8B2617}.Release|x86.ActiveCfg = Release|Any CPU
		{C18626F7-7026-434B-8C57-A2C48E8B2617}.Release|x86.Build.0 = Release|Any CPU
		{EB9F8027-7F6B-4490-AEE8-0EBEACC0BD24}.Debug|Any CPU.ActiveCfg = Debug|Any CPU
		{EB9F8027-7F6B-4490-AEE8-0EBEACC0BD24}.Debug|Any CPU.Build.0 = Debug|Any CPU
		{EB9F8027-7F6B-4490-AEE8-0EBEACC0BD24}.Debug|x64.ActiveCfg = Debug|Any CPU
		{EB9F8027-7F6B-4490-AEE8-0EBEACC0BD24}.Debug|x64.Build.0 = Debug|Any CPU
		{EB9F8027-7F6B-4490-AEE8-0EBEACC0BD24}.Debug|x86.ActiveCfg = Debug|Any CPU
		{EB9F8027-7F6B-4490-AEE8-0EBEACC0BD24}.Debug|x86.Build.0 = Debug|Any CPU
		{EB9F8027-7F6B-4490-AEE8-0EBEACC0BD24}.Release|Any CPU.ActiveCfg = Release|Any CPU
		{EB9F8027-7F6B-4490-AEE8-0EBEACC0BD24}.Release|Any CPU.Build.0 = Release|Any CPU
		{EB9F8027-7F6B-4490-AEE8-0EBEACC0BD24}.Release|x64.ActiveCfg = Release|Any CPU
		{EB9F8027-7F6B-4490-AEE8-0EBEACC0BD24}.Release|x64.Build.0 = Release|Any CPU
		{EB9F8027-7F6B-4490-AEE8-0EBEACC0BD24}.Release|x86.ActiveCfg = Release|Any CPU
		{EB9F8027-7F6B-4490-AEE8-0EBEACC0BD24}.Release|x86.Build.0 = Release|Any CPU
	EndGlobalSection
	GlobalSection(SolutionProperties) = preSolution
		HideSolutionNode = FALSE
	EndGlobalSection
	GlobalSection(NestedProjects) = preSolution
		{B2D58651-303E-4D08-88C4-D2888C209035} = {02EA681E-C7D8-13C7-8484-4AC65E1B71E8}
		{8A107AA7-E0FC-4E45-BA76-F738F046DE1B} = {B2D58651-303E-4D08-88C4-D2888C209035}
		{235C1EDE-96E5-47A3-8DFF-0D4938E52492} = {B2D58651-303E-4D08-88C4-D2888C209035}
		{D2021C14-31E0-4816-8BDE-E121F9C8DDD7} = {8A107AA7-E0FC-4E45-BA76-F738F046DE1B}
		{B6D79EA7-B5AC-4B05-A1B9-528F1FCBD5C6} = {8A107AA7-E0FC-4E45-BA76-F738F046DE1B}
		{6CF8C226-0C08-404D-9236-B0EF0277A745} = {8A107AA7-E0FC-4E45-BA76-F738F046DE1B}
		{94A9A878-53AA-4C8B-A247-51E58AB63377} = {8A107AA7-E0FC-4E45-BA76-F738F046DE1B}
		{5E19AB28-606A-41DD-BCF6-A291CB65F648} = {02EA681E-C7D8-13C7-8484-4AC65E1B71E8}
		{03FF1464-B162-4C5B-AF15-F39BCA40AE6D} = {5E19AB28-606A-41DD-BCF6-A291CB65F648}
		{E345CE82-81FC-4EA3-B1A3-4610DEB26478} = {5E19AB28-606A-41DD-BCF6-A291CB65F648}
		{9B224D54-9527-46C5-9663-3A0E3063B38E} = {03FF1464-B162-4C5B-AF15-F39BCA40AE6D}
		{DBCE44FF-64E0-40F5-92F9-395DE876A489} = {03FF1464-B162-4C5B-AF15-F39BCA40AE6D}
		{721A59CC-C77B-4852-A8CB-D54FCA394DAF} = {03FF1464-B162-4C5B-AF15-F39BCA40AE6D}
		{056A587C-16E0-4774-B885-BDB13EC02761} = {03FF1464-B162-4C5B-AF15-F39BCA40AE6D}
		{0F94FFD3-6828-8DD8-C5A9-41C7095A6E47} = {7266C4A9-E384-DC00-0EB6-47F6002CFBA7}
		{BFB1CE2A-47D5-4BD7-8E52-2D93759F44B2} = {0F94FFD3-6828-8DD8-C5A9-41C7095A6E47}
		{E26A07FE-FC4A-591F-21C7-62AEDD01E7D5} = {02EA681E-C7D8-13C7-8484-4AC65E1B71E8}
		{23D18938-4358-D1BA-598E-FD65E458149E} = {E26A07FE-FC4A-591F-21C7-62AEDD01E7D5}
		{7F9BBE82-B12D-4025-A8FF-0BF9B3A498D0} = {23D18938-4358-D1BA-598E-FD65E458149E}
		{63134098-57BA-46C6-ACF5-581CF0D0CFE2} = {23D18938-4358-D1BA-598E-FD65E458149E}
		{A2C0F6AD-FA35-4207-837F-5EF30A76D5B8} = {23D18938-4358-D1BA-598E-FD65E458149E}
		{CF96ECC3-DBD7-4596-990F-C67EE2CD129D} = {23D18938-4358-D1BA-598E-FD65E458149E}
		{E1C54ADB-8E9F-407E-A89B-8D3A4B66D2F4} = {235C1EDE-96E5-47A3-8DFF-0D4938E52492}
		{BDAD89F2-B519-4765-BAE9-D75F8287A70E} = {E345CE82-81FC-4EA3-B1A3-4610DEB26478}
		{709CAD7B-BEC3-D5DD-1017-DF96FDF8FFDE} = {E26A07FE-FC4A-591F-21C7-62AEDD01E7D5}
		{D8C3E5D3-2D16-49DC-B24D-65CA05E03CB3} = {709CAD7B-BEC3-D5DD-1017-DF96FDF8FFDE}
		{D9CF8EEA-9680-7E0A-4E56-6562A846355D} = {02EA681E-C7D8-13C7-8484-4AC65E1B71E8}
		{64BFD6EA-8AAE-0263-DC15-C6075B143E92} = {D9CF8EEA-9680-7E0A-4E56-6562A846355D}
		{637506C9-4157-46EE-89C5-716A042BC83F} = {64BFD6EA-8AAE-0263-DC15-C6075B143E92}
		{D4579556-D5B6-495F-84E3-12E839443332} = {64BFD6EA-8AAE-0263-DC15-C6075B143E92}
		{BB58A3E4-44D4-454B-9A35-80B5AB6CD6CB} = {64BFD6EA-8AAE-0263-DC15-C6075B143E92}
		{2A9FC273-08B7-4B97-AD1E-DCE292945A0A} = {64BFD6EA-8AAE-0263-DC15-C6075B143E92}
		{FAC72531-3D73-95D1-1DD4-AD3189566822} = {D9CF8EEA-9680-7E0A-4E56-6562A846355D}
		{1E9BFA6E-5195-4750-ABF5-DB7AB06AF4CD} = {FAC72531-3D73-95D1-1DD4-AD3189566822}
		{9C2E37D6-3963-1E0D-933B-2B7820460221} = {02EA681E-C7D8-13C7-8484-4AC65E1B71E8}
		{6199D3D4-AD0F-560E-AD79-8B03CDD49340} = {9C2E37D6-3963-1E0D-933B-2B7820460221}
		{B09BD2F8-9072-4277-92F9-A91DDE563F65} = {6199D3D4-AD0F-560E-AD79-8B03CDD49340}
		{C8F3B785-4B4E-4376-830A-0C66627EECFE} = {6199D3D4-AD0F-560E-AD79-8B03CDD49340}
		{C1843CE1-D2C9-4E5E-9279-ED39A9D34D98} = {6199D3D4-AD0F-560E-AD79-8B03CDD49340}
		{C18626F7-7026-434B-8C57-A2C48E8B2617} = {6199D3D4-AD0F-560E-AD79-8B03CDD49340}
		{4F8A1C2E-9B7D-4E11-8A55-C0D1E2F3A4B5} = {9C2E37D6-3963-1E0D-933B-2B7820460221}
		{EB9F8027-7F6B-4490-AEE8-0EBEACC0BD24} = {4F8A1C2E-9B7D-4E11-8A55-C0D1E2F3A4B5}
	EndGlobalSection
	GlobalSection(ExtensibilityGlobals) = postSolution
		SolutionGuid = {3E33C0A5-151E-49BA-B048-84A362EA0E54}
	EndGlobalSection
EndGlobal
